
Microsoft Visual Studio Solution File, Format Version 12.00
# Visual Studio Version 17
VisualStudioVersion = 17.10.35122.118
MinimumVisualStudioVersion = 10.0.40219.1
Project("{8BC9CEB8-8B4A-11D0-8D11-00A0C91BC942}") = "GS-Launcher", "GS-Launcher.vcxproj", "{97E0473F-78CD-4605-9525-F0A618E5D59F}"
EndProject
Global
	GlobalSection(SolutionConfigurationPlatforms) = preSolution
		Debug|x64 = Debug|x64
		Debug|x86 = Debug|x86
		Release|x64 = Release|x64
		Release|x86 = Release|x86
	EndGlobalSection
	GlobalSection(ProjectConfigurationPlatforms) = postSolution
		{97E0473F-78CD-4605-9525-F0A618E5D59F}.Debug|x64.ActiveCfg = Debug|x64
		{97E0473F-78CD-4605-9525-F0A618E5D59F}.Debug|x64.Build.0 = Debug|x64
		{97E0473F-78CD-4605-9525-F0A618E5D59F}.Debug|x86.ActiveCfg = Debug|Win32
		{97E0473F-78CD-4605-9525-F0A618E5D59F}.Debug|x86.Build.0 = Debug|Win32
		{97E0473F-78CD-4605-9525-F0A618E5D59F}.Release|x64.ActiveCfg = Release|x64
		{97E0473F-78CD-4605-9525-F0A618E5D59F}.Release|x64.Build.0 = Release|x64
		{97E0473F-78CD-4605-9525-F0A618E5D59F}.Release|x86.ActiveCfg = Release|Win32
		{97E0473F-78CD-4605-9525-F0A618E5D59F}.Release|x86.Build.0 = Release|Win32
	EndGlobalSection
	GlobalSection(SolutionProperties) = preSolution
		HideSolutionNode = FALSE
	EndGlobalSection
	GlobalSection(ExtensibilityGlobals) = postSolution
		SolutionGuid = {4823437B-9E91-483E-9CE4-2E0C4734C172}
	EndGlobalSection
EndGlobal
